
Microsoft Visual Studio Solution File, Format Version 12.00
# Visual Studio Version 17
VisualStudioVersion = 17.9.34902.65
MinimumVisualStudioVersion = 10.0.40219.1
Project("{2150E333-8FDC-42A3-9474-1A3956D46DE8}") = "Core", "Core", "{35D01C1F-B254-46FF-B00F-4D285EFCC936}"
EndProject
Project("{2150E333-8FDC-42A3-9474-1A3956D46DE8}") = "Infrastructure", "Infrastructure", "{B610B044-F1A2-4C61-B74C-EC4F17A7BA47}"
EndProject
Project("{2150E333-8FDC-42A3-9474-1A3956D46DE8}") = "Interfaces", "Interfaces", "{0A386830-CE25-485B-88CB-212324D886DC}"
EndProject
Project("{2150E333-8FDC-42A3-9474-1A3956D46DE8}") = "Quality", "Quality", "{27EC0357-0AB2-42F0-AA9B-18480D121201}"
EndProject
Project("{2150E333-8FDC-42A3-9474-1A3956D46DE8}") = "APIs", "APIs", "{5E5A8809-145C-4FC8-9223-02D4BE0C40F5}"
EndProject
Project("{9A19103F-16F7-4668-BE54-9A1E7A4F7556}") = "StatementAssets", "Source\Interfaces\APIs\StatementAssets.csproj", "{AE471EDF-D1B1-4D76-8588-0250E2AB86A1}"
EndProject
Project("{9A19103F-16F7-4668-BE54-9A1E7A4F7556}") = "Statement", "Source\Core\Ingestion\Statement\Statement.csproj", "{D54772BB-5007-4D5F-9EC9-94678E4FD36A}"
EndProject
Project("{2150E333-8FDC-42A3-9474-1A3956D46DE8}") = "Data", "Data", "{706E358D-2CAF-4124-A921-7A27572456F7}"
EndProject
Project("{9A19103F-16F7-4668-BE54-9A1E7A4F7556}") = "Data.Shared", "Source\Infrastructure\Data\Data.Shared\Data.Shared\Data.Shared.csproj", "{35699607-AA17-4B65-84D9-48B3CE5B621F}"
EndProject
Project("{2150E333-8FDC-42A3-9474-1A3956D46DE8}") = "Shared", "Shared", "{A2B42123-5D7B-4358-9328-C2BC54ECE360}"
EndProject
Project("{2150E333-8FDC-42A3-9474-1A3956D46DE8}") = "Worker", "Worker", "{1DA76A03-2590-4EC1-8CE9-CDE14269D5AB}"
EndProject
Project("{9A19103F-16F7-4668-BE54-9A1E7A4F7556}") = "Statement.Worker", "Source\Interfaces\Workers\Statement.Worker\Statement.Worker.csproj", "{BA8FA634-FB82-472B-A7E6-7ACB0070529A}"
EndProject
Project("{9A19103F-16F7-4668-BE54-9A1E7A4F7556}") = "Shared", "Source\Core\Shared\Shared.csproj", "{6B4CFB22-59A5-468B-B3E4-32098CB379A9}"
EndProject
Project("{9A19103F-16F7-4668-BE54-9A1E7A4F7556}") = "Statement.Data", "Source\Infrastructure\Data\Data.Statement\Statement.Data\Statement.Data.csproj", "{B25B5FC8-C97F-4C8E-ABB2-04007D35F3CA}"
EndProject
Project("{2150E333-8FDC-42A3-9474-1A3956D46DE8}") = "Services", "Services", "{DD34CF7B-C34C-4BCF-95BD-FA8652FC708C}"
EndProject
Project("{9A19103F-16F7-4668-BE54-9A1E7A4F7556}") = "RabbitMQ", "Source\Infrastructure\Services\RabbitMQ\RabbitMQ.csproj", "{6A3713B9-C285-41BD-AF91-0B89D1166878}"
EndProject
Project("{FAE04EC0-301F-11D3-BF4B-00C04F79EFBC}") = "StatementTests", "Source\Quality\StatementTests\StatementTests\StatementTests.csproj", "{FBD3197F-1E89-4D3E-B90F-0A613E51B509}"
EndProject
Global
	GlobalSection(SolutionConfigurationPlatforms) = preSolution
		Debug|Any CPU = Debug|Any CPU
		Release|Any CPU = Release|Any CPU
	EndGlobalSection
	GlobalSection(ProjectConfigurationPlatforms) = postSolution
		{AE471EDF-D1B1-4D76-8588-0250E2AB86A1}.Debug|Any CPU.ActiveCfg = Debug|Any CPU
		{AE471EDF-D1B1-4D76-8588-0250E2AB86A1}.Debug|Any CPU.Build.0 = Debug|Any CPU
		{AE471EDF-D1B1-4D76-8588-0250E2AB86A1}.Release|Any CPU.ActiveCfg = Release|Any CPU
		{AE471EDF-D1B1-4D76-8588-0250E2AB86A1}.Release|Any CPU.Build.0 = Release|Any CPU
		{D54772BB-5007-4D5F-9EC9-94678E4FD36A}.Debug|Any CPU.ActiveCfg = Debug|Any CPU
		{D54772BB-5007-4D5F-9EC9-94678E4FD36A}.Debug|Any CPU.Build.0 = Debug|Any CPU
		{D54772BB-5007-4D5F-9EC9-94678E4FD36A}.Release|Any CPU.ActiveCfg = Release|Any CPU
		{D54772BB-5007-4D5F-9EC9-94678E4FD36A}.Release|Any CPU.Build.0 = Release|Any CPU
		{35699607-AA17-4B65-84D9-48B3CE5B621F}.Debug|Any CPU.ActiveCfg = Debug|Any CPU
		{35699607-AA17-4B65-84D9-48B3CE5B621F}.Debug|Any CPU.Build.0 = Debug|Any CPU
		{35699607-AA17-4B65-84D9-48B3CE5B621F}.Release|Any CPU.ActiveCfg = Release|Any CPU
		{35699607-AA17-4B65-84D9-48B3CE5B621F}.Release|Any CPU.Build.0 = Release|Any CPU
		{BA8FA634-FB82-472B-A7E6-7ACB0070529A}.Debug|Any CPU.ActiveCfg = Debug|Any CPU
		{BA8FA634-FB82-472B-A7E6-7ACB0070529A}.Debug|Any CPU.Build.0 = Debug|Any CPU
		{BA8FA634-FB82-472B-A7E6-7ACB0070529A}.Release|Any CPU.ActiveCfg = Release|Any CPU
		{BA8FA634-FB82-472B-A7E6-7ACB0070529A}.Release|Any CPU.Build.0 = Release|Any CPU
		{6B4CFB22-59A5-468B-B3E4-32098CB379A9}.Debug|Any CPU.ActiveCfg = Debug|Any CPU
		{6B4CFB22-59A5-468B-B3E4-32098CB379A9}.Debug|Any CPU.Build.0 = Debug|Any CPU
		{6B4CFB22-59A5-468B-B3E4-32098CB379A9}.Release|Any CPU.ActiveCfg = Release|Any CPU
		{6B4CFB22-59A5-468B-B3E4-32098CB379A9}.Release|Any CPU.Build.0 = Release|Any CPU
		{B25B5FC8-C97F-4C8E-ABB2-04007D35F3CA}.Debug|Any CPU.ActiveCfg = Debug|Any CPU
		{B25B5FC8-C97F-4C8E-ABB2-04007D35F3CA}.Debug|Any CPU.Build.0 = Debug|Any CPU
		{B25B5FC8-C97F-4C8E-ABB2-04007D35F3CA}.Release|Any CPU.ActiveCfg = Release|Any CPU
		{B25B5FC8-C97F-4C8E-ABB2-04007D35F3CA}.Release|Any CPU.Build.0 = Release|Any CPU
		{6A3713B9-C285-41BD-AF91-0B89D1166878}.Debug|Any CPU.ActiveCfg = Debug|Any CPU
		{6A3713B9-C285-41BD-AF91-0B89D1166878}.Debug|Any CPU.Build.0 = Debug|Any CPU
		{6A3713B9-C285-41BD-AF91-0B89D1166878}.Release|Any CPU.ActiveCfg = Release|Any CPU
		{6A3713B9-C285-41BD-AF91-0B89D1166878}.Release|Any CPU.Build.0 = Release|Any CPU
		{FBD3197F-1E89-4D3E-B90F-0A613E51B509}.Debug|Any CPU.ActiveCfg = Debug|Any CPU
		{FBD3197F-1E89-4D3E-B90F-0A613E51B509}.Debug|Any CPU.Build.0 = Debug|Any CPU
		{FBD3197F-1E89-4D3E-B90F-0A613E51B509}.Release|Any CPU.ActiveCfg = Release|Any CPU
		{FBD3197F-1E89-4D3E-B90F-0A613E51B509}.Release|Any CPU.Build.0 = Release|Any CPU
	EndGlobalSection
	GlobalSection(SolutionProperties) = preSolution
		HideSolutionNode = FALSE
	EndGlobalSection
	GlobalSection(NestedProjects) = preSolution
		{5E5A8809-145C-4FC8-9223-02D4BE0C40F5} = {0A386830-CE25-485B-88CB-212324D886DC}
		{AE471EDF-D1B1-4D76-8588-0250E2AB86A1} = {5E5A8809-145C-4FC8-9223-02D4BE0C40F5}
		{D54772BB-5007-4D5F-9EC9-94678E4FD36A} = {35D01C1F-B254-46FF-B00F-4D285EFCC936}
		{706E358D-2CAF-4124-A921-7A27572456F7} = {B610B044-F1A2-4C61-B74C-EC4F17A7BA47}
		{35699607-AA17-4B65-84D9-48B3CE5B621F} = {706E358D-2CAF-4124-A921-7A27572456F7}
		{A2B42123-5D7B-4358-9328-C2BC54ECE360} = {35D01C1F-B254-46FF-B00F-4D285EFCC936}
		{1DA76A03-2590-4EC1-8CE9-CDE14269D5AB} = {0A386830-CE25-485B-88CB-212324D886DC}
		{BA8FA634-FB82-472B-A7E6-7ACB0070529A} = {1DA76A03-2590-4EC1-8CE9-CDE14269D5AB}
		{6B4CFB22-59A5-468B-B3E4-32098CB379A9} = {A2B42123-5D7B-4358-9328-C2BC54ECE360}
		{B25B5FC8-C97F-4C8E-ABB2-04007D35F3CA} = {706E358D-2CAF-4124-A921-7A27572456F7}
		{DD34CF7B-C34C-4BCF-95BD-FA8652FC708C} = {B610B044-F1A2-4C61-B74C-EC4F17A7BA47}
		{6A3713B9-C285-41BD-AF91-0B89D1166878} = {DD34CF7B-C34C-4BCF-95BD-FA8652FC708C}
		{FBD3197F-1E89-4D3E-B90F-0A613E51B509} = {27EC0357-0AB2-42F0-AA9B-18480D121201}
	EndGlobalSection
	GlobalSection(ExtensibilityGlobals) = postSolution
		SolutionGuid = {B9B26BD5-8D39-48EA-A8C1-1B33ECB0008A}
	EndGlobalSection
EndGlobal
